
Microsoft Visual Studio Solution File, Format Version 12.00
# Visual Studio Version 17
VisualStudioVersion = 17.14.36811.4 d17.14
MinimumVisualStudioVersion = 10.0.40219.1
Project("{FAE04EC0-301F-11D3-BF4B-00C04F79EFBC}") = "APIApp", "APIApp\APIApp.csproj", "{520A6166-21AA-4599-A3C9-393054A49425}"
EndProject
Project("{FAE04EC0-301F-11D3-BF4B-00C04F79EFBC}") = "BLL", "BLL\BLL.csproj", "{DF546476-C186-4042-8BB1-3275FE403650}"
EndProject
Project("{FAE04EC0-301F-11D3-BF4B-00C04F79EFBC}") = "DAL", "DAL\DAL.csproj", "{9F12C1D1-82B5-4DF2-BDA6-1D55559D633F}"
EndProject
Global
	GlobalSection(SolutionConfigurationPlatforms) = preSolution
		Debug|Any CPU = Debug|Any CPU
		Release|Any CPU = Release|Any CPU
	EndGlobalSection
	GlobalSection(ProjectConfigurationPlatforms) = postSolution
		{520A6166-21AA-4599-A3C9-393054A49425}.Debug|Any CPU.ActiveCfg = Debug|Any CPU
		{520A6166-21AA-4599-A3C9-393054A49425}.Debug|Any CPU.Build.0 = Debug|Any CPU
		{520A6166-21AA-4599-A3C9-393054A49425}.Release|Any CPU.ActiveCfg = Release|Any CPU
		{520A6166-21AA-4599-A3C9-393054A49425}.Release|Any CPU.Build.0 = Release|Any CPU
		{DF546476-C186-4042-8BB1-3275FE403650}.Debug|Any CPU.ActiveCfg = Debug|Any CPU
		{DF546476-C186-4042-8BB1-3275FE403650}.Debug|Any CPU.Build.0 = Debug|Any CPU
		{DF546476-C186-4042-8BB1-3275FE403650}.Release|Any CPU.ActiveCfg = Release|Any CPU
		{DF546476-C186-4042-8BB1-3275FE403650}.Release|Any CPU.Build.0 = Release|Any CPU
		{9F12C1D1-82B5-4DF2-BDA6-1D55559D633F}.Debug|Any CPU.ActiveCfg = Debug|Any CPU
		{9F12C1D1-82B5-4DF2-BDA6-1D55559D633F}.Debug|Any CPU.Build.0 = Debug|Any CPU
		{9F12C1D1-82B5-4DF2-BDA6-1D55559D633F}.Release|Any CPU.ActiveCfg = Release|Any CPU
		{9F12C1D1-82B5-4DF2-BDA6-1D55559D633F}.Release|Any CPU.Build.0 = Release|Any CPU
	EndGlobalSection
	GlobalSection(SolutionProperties) = preSolution
		HideSolutionNode = FALSE
	EndGlobalSection
	GlobalSection(ExtensibilityGlobals) = postSolution
		SolutionGuid = {AD06686A-017F-4F1B-A6D5-580F24670A41}
	EndGlobalSection
EndGlobal
